// !$*UTF8*$!
{
	archiveVersion = 1;
	classes = {
	};
	objectVersion = 50;
	objects = {

/* Begin PBXBuildFile section */
		01CC0FFC222510FE0056F533 /* AppDelegate.swift in Sources */ = {isa = PBXBuildFile; fileRef = 01CC0FFB222510FE0056F533 /* AppDelegate.swift */; };
		01CC0FFE222510FE0056F533 /* ViewController.swift in Sources */ = {isa = PBXBuildFile; fileRef = 01CC0FFD222510FE0056F533 /* ViewController.swift */; };
		01CC1001222510FE0056F533 /* Main.storyboard in Resources */ = {isa = PBXBuildFile; fileRef = 01CC0FFF222510FE0056F533 /* Main.storyboard */; };
		01CC1003222510FF0056F533 /* Assets.xcassets in Resources */ = {isa = PBXBuildFile; fileRef = 01CC1002222510FF0056F533 /* Assets.xcassets */; };
		01CC1006222510FF0056F533 /* LaunchScreen.storyboard in Resources */ = {isa = PBXBuildFile; fileRef = 01CC1004222510FF0056F533 /* LaunchScreen.storyboard */; };
		01CC100B222510FF0056F533 /* Project1 WatchKit App.app in Embed Watch Content */ = {isa = PBXBuildFile; fileRef = 01CC100A222510FF0056F533 /* Project1 WatchKit App.app */; };
		01CC1011222510FF0056F533 /* Interface.storyboard in Resources */ = {isa = PBXBuildFile; fileRef = 01CC100F222510FF0056F533 /* Interface.storyboard */; };
		01CC1013222511000056F533 /* Assets.xcassets in Resources */ = {isa = PBXBuildFile; fileRef = 01CC1012222511000056F533 /* Assets.xcassets */; };
		01CC101A222511000056F533 /* Project1 WatchKit Extension.appex in Embed App Extensions */ = {isa = PBXBuildFile; fileRef = 01CC1019222511000056F533 /* Project1 WatchKit Extension.appex */; settings = {ATTRIBUTES = (RemoveHeadersOnCopy, ); }; };
		01CC101F222511000056F533 /* InterfaceController.swift in Sources */ = {isa = PBXBuildFile; fileRef = 01CC101E222511000056F533 /* InterfaceController.swift */; };
		01CC1021222511000056F533 /* ExtensionDelegate.swift in Sources */ = {isa = PBXBuildFile; fileRef = 01CC1020222511000056F533 /* ExtensionDelegate.swift */; };
		01CC1023222511010056F533 /* Assets.xcassets in Resources */ = {isa = PBXBuildFile; fileRef = 01CC1022222511010056F533 /* Assets.xcassets */; };
		01CC10332225137F0056F533 /* NoteSelectRow.swift in Sources */ = {isa = PBXBuildFile; fileRef = 01CC10322225137F0056F533 /* NoteSelectRow.swift */; };
/* End PBXBuildFile section */

/* Begin PBXContainerItemProxy section */
		01CC100C222510FF0056F533 /* PBXContainerItemProxy */ = {
			isa = PBXContainerItemProxy;
			containerPortal = 01CC0FF0222510FE0056F533 /* Project object */;
			proxyType = 1;
			remoteGlobalIDString = 01CC1009222510FF0056F533;
			remoteInfo = "Project1 WatchKit App";
		};
		01CC101B222511000056F533 /* PBXContainerItemProxy */ = {
			isa = PBXContainerItemProxy;
			containerPortal = 01CC0FF0222510FE0056F533 /* Project object */;
			proxyType = 1;
			remoteGlobalIDString = 01CC1018222511000056F533;
			remoteInfo = "Project1 WatchKit Extension";
		};
/* End PBXContainerItemProxy section */

/* Begin PBXCopyFilesBuildPhase section */
		01CC102A222511010056F533 /* Embed App Extensions */ = {
			isa = PBXCopyFilesBuildPhase;
			buildActionMask = 2147483647;
			dstPath = "";
			dstSubfolderSpec = 13;
			files = (
				01CC101A222511000056F533 /* Project1 WatchKit Extension.appex in Embed App Extensions */,
			);
			name = "Embed App Extensions";
			runOnlyForDeploymentPostprocessing = 0;
		};
		01CC102E222511010056F533 /* Embed Watch Content */ = {
			isa = PBXCopyFilesBuildPhase;
			buildActionMask = 2147483647;
			dstPath = "$(CONTENTS_FOLDER_PATH)/Watch";
			dstSubfolderSpec = 16;
			files = (
				01CC100B222510FF0056F533 /* Project1 WatchKit App.app in Embed Watch Content */,
			);
			name = "Embed Watch Content";
			runOnlyForDeploymentPostprocessing = 0;
		};
/* End PBXCopyFilesBuildPhase section */

/* Begin PBXFileReference section */
		01CC0FF8222510FE0056F533 /* Project1.app */ = {isa = PBXFileReference; explicitFileType = wrapper.application; includeInIndex = 0; path = Project1.app; sourceTree = BUILT_PRODUCTS_DIR; };
		01CC0FFB222510FE0056F533 /* AppDelegate.swift */ = {isa = PBXFileReference; lastKnownFileType = sourcecode.swift; path = AppDelegate.swift; sourceTree = "<group>"; };
		01CC0FFD222510FE0056F533 /* ViewController.swift */ = {isa = PBXFileReference; lastKnownFileType = sourcecode.swift; path = ViewController.swift; sourceTree = "<group>"; };
		01CC1000222510FE0056F533 /* Base */ = {isa = PBXFileReference; lastKnownFileType = file.storyboard; name = Base; path = Base.lproj/Main.storyboard; sourceTree = "<group>"; };
		01CC1002222510FF0056F533 /* Assets.xcassets */ = {isa = PBXFileReference; lastKnownFileType = folder.assetcatalog; path = Assets.xcassets; sourceTree = "<group>"; };
		01CC1005222510FF0056F533 /* Base */ = {isa = PBXFileReference; lastKnownFileType = file.storyboard; name = Base; path = Base.lproj/LaunchScreen.storyboard; sourceTree = "<group>"; };
		01CC1007222510FF0056F533 /* Info.plist */ = {isa = PBXFileReference; lastKnownFileType = text.plist.xml; path = Info.plist; sourceTree = "<group>"; };
		01CC100A222510FF0056F533 /* Project1 WatchKit App.app */ = {isa = PBXFileReference; explicitFileType = wrapper.application; includeInIndex = 0; path = "Project1 WatchKit App.app"; sourceTree = BUILT_PRODUCTS_DIR; };
		01CC1010222510FF0056F533 /* Base */ = {isa = PBXFileReference; lastKnownFileType = file.storyboard; name = Base; path = Base.lproj/Interface.storyboard; sourceTree = "<group>"; };
		01CC1012222511000056F533 /* Assets.xcassets */ = {isa = PBXFileReference; lastKnownFileType = folder.assetcatalog; path = Assets.xcassets; sourceTree = "<group>"; };
		01CC1014222511000056F533 /* Info.plist */ = {isa = PBXFileReference; lastKnownFileType = text.plist.xml; path = Info.plist; sourceTree = "<group>"; };
		01CC1019222511000056F533 /* Project1 WatchKit Extension.appex */ = {isa = PBXFileReference; explicitFileType = "wrapper.app-extension"; includeInIndex = 0; path = "Project1 WatchKit Extension.appex"; sourceTree = BUILT_PRODUCTS_DIR; };
		01CC101E222511000056F533 /* InterfaceController.swift */ = {isa = PBXFileReference; lastKnownFileType = sourcecode.swift; path = InterfaceController.swift; sourceTree = "<group>"; };
		01CC1020222511000056F533 /* ExtensionDelegate.swift */ = {isa = PBXFileReference; lastKnownFileType = sourcecode.swift; path = ExtensionDelegate.swift; sourceTree = "<group>"; };
		01CC1022222511010056F533 /* Assets.xcassets */ = {isa = PBXFileReference; lastKnownFileType = folder.assetcatalog; path = Assets.xcassets; sourceTree = "<group>"; };
		01CC1024222511010056F533 /* Info.plist */ = {isa = PBXFileReference; lastKnownFileType = text.plist.xml; path = Info.plist; sourceTree = "<group>"; };
		01CC10322225137F0056F533 /* NoteSelectRow.swift */ = {isa = PBXFileReference; lastKnownFileType = sourcecode.swift; path = NoteSelectRow.swift; sourceTree = "<group>"; };
/* End PBXFileReference section */

/* Begin PBXFrameworksBuildPhase section */
		01CC0FF5222510FE0056F533 /* Frameworks */ = {
			isa = PBXFrameworksBuildPhase;
			buildActionMask = 2147483647;
			files = (
			);
			runOnlyForDeploymentPostprocessing = 0;
		};
		01CC1016222511000056F533 /* Frameworks */ = {
			isa = PBXFrameworksBuildPhase;
			buildActionMask = 2147483647;
			files = (
			);
			runOnlyForDeploymentPostprocessing = 0;
		};
/* End PBXFrameworksBuildPhase section */

/* Begin PBXGroup section */
		01CC0FEF222510FE0056F533 = {
			isa = PBXGroup;
			children = (
				01CC0FFA222510FE0056F533 /* Project1 */,
				01CC100E222510FF0056F533 /* Project1 WatchKit App */,
				01CC101D222511000056F533 /* Project1 WatchKit Extension */,
				01CC0FF9222510FE0056F533 /* Products */,
			);
			sourceTree = "<group>";
		};
		01CC0FF9222510FE0056F533 /* Products */ = {
			isa = PBXGroup;
			children = (
				01CC0FF8222510FE0056F533 /* Project1.app */,
				01CC100A222510FF0056F533 /* Project1 WatchKit App.app */,
				01CC1019222511000056F533 /* Project1 WatchKit Extension.appex */,
			);
			name = Products;
			sourceTree = "<group>";
		};
		01CC0FFA222510FE0056F533 /* Project1 */ = {
			isa = PBXGroup;
			children = (
				01CC0FFB222510FE0056F533 /* AppDelegate.swift */,
				01CC0FFD222510FE0056F533 /* ViewController.swift */,
				01CC0FFF222510FE0056F533 /* Main.storyboard */,
				01CC1002222510FF0056F533 /* Assets.xcassets */,
				01CC1004222510FF0056F533 /* LaunchScreen.storyboard */,
				01CC1007222510FF0056F533 /* Info.plist */,
			);
			path = Project1;
			sourceTree = "<group>";
		};
		01CC100E222510FF0056F533 /* Project1 WatchKit App */ = {
			isa = PBXGroup;
			children = (
				01CC100F222510FF0056F533 /* Interface.storyboard */,
				01CC10322225137F0056F533 /* NoteSelectRow.swift */,
				01CC1012222511000056F533 /* Assets.xcassets */,
				01CC1014222511000056F533 /* Info.plist */,
			);
			path = "Project1 WatchKit App";
			sourceTree = "<group>";
		};
		01CC101D222511000056F533 /* Project1 WatchKit Extension */ = {
			isa = PBXGroup;
			children = (
				01CC101E222511000056F533 /* InterfaceController.swift */,
				01CC1020222511000056F533 /* ExtensionDelegate.swift */,
				01CC1022222511010056F533 /* Assets.xcassets */,
				01CC1024222511010056F533 /* Info.plist */,
			);
			path = "Project1 WatchKit Extension";
			sourceTree = "<group>";
		};
/* End PBXGroup section */

/* Begin PBXNativeTarget section */
		01CC0FF7222510FE0056F533 /* Project1 */ = {
			isa = PBXNativeTarget;
			buildConfigurationList = 01CC102F222511010056F533 /* Build configuration list for PBXNativeTarget "Project1" */;
			buildPhases = (
				01CC0FF4222510FE0056F533 /* Sources */,
				01CC0FF5222510FE0056F533 /* Frameworks */,
				01CC0FF6222510FE0056F533 /* Resources */,
				01CC102E222511010056F533 /* Embed Watch Content */,
			);
			buildRules = (
			);
			dependencies = (
				01CC100D222510FF0056F533 /* PBXTargetDependency */,
			);
			name = Project1;
			productName = Project1;
			productReference = 01CC0FF8222510FE0056F533 /* Project1.app */;
			productType = "com.apple.product-type.application";
		};
		01CC1009222510FF0056F533 /* Project1 WatchKit App */ = {
			isa = PBXNativeTarget;
			buildConfigurationList = 01CC102B222511010056F533 /* Build configuration list for PBXNativeTarget "Project1 WatchKit App" */;
			buildPhases = (
				01CC1008222510FF0056F533 /* Resources */,
				01CC102A222511010056F533 /* Embed App Extensions */,
			);
			buildRules = (
			);
			dependencies = (
				01CC101C222511000056F533 /* PBXTargetDependency */,
			);
			name = "Project1 WatchKit App";
			productName = "Project1 WatchKit App";
			productReference = 01CC100A222510FF0056F533 /* Project1 WatchKit App.app */;
			productType = "com.apple.product-type.application.watchapp2";
		};
		01CC1018222511000056F533 /* Project1 WatchKit Extension */ = {
			isa = PBXNativeTarget;
			buildConfigurationList = 01CC1027222511010056F533 /* Build configuration list for PBXNativeTarget "Project1 WatchKit Extension" */;
			buildPhases = (
				01CC1015222511000056F533 /* Sources */,
				01CC1016222511000056F533 /* Frameworks */,
				01CC1017222511000056F533 /* Resources */,
			);
			buildRules = (
			);
			dependencies = (
			);
			name = "Project1 WatchKit Extension";
			productName = "Project1 WatchKit Extension";
			productReference = 01CC1019222511000056F533 /* Project1 WatchKit Extension.appex */;
			productType = "com.apple.product-type.watchkit2-extension";
		};
/* End PBXNativeTarget section */

/* Begin PBXProject section */
		01CC0FF0222510FE0056F533 /* Project object */ = {
			isa = PBXProject;
			attributes = {
				LastSwiftUpdateCheck = 1010;
				LastUpgradeCheck = 1010;
				ORGANIZATIONNAME = "Cyril Garcia";
				TargetAttributes = {
					01CC0FF7222510FE0056F533 = {
						CreatedOnToolsVersion = 10.1;
					};
					01CC1009222510FF0056F533 = {
						CreatedOnToolsVersion = 10.1;
					};
					01CC1018222511000056F533 = {
						CreatedOnToolsVersion = 10.1;
					};
				};
			};
			buildConfigurationList = 01CC0FF3222510FE0056F533 /* Build configuration list for PBXProject "Project1" */;
			compatibilityVersion = "Xcode 9.3";
			developmentRegion = en;
			hasScannedForEncodings = 0;
			knownRegions = (
				en,
				Base,
			);
			mainGroup = 01CC0FEF222510FE0056F533;
			productRefGroup = 01CC0FF9222510FE0056F533 /* Products */;
			projectDirPath = "";
			projectRoot = "";
			targets = (
				01CC0FF7222510FE0056F533 /* Project1 */,
				01CC1009222510FF0056F533 /* Project1 WatchKit App */,
				01CC1018222511000056F533 /* Project1 WatchKit Extension */,
			);
		};
/* End PBXProject section */

/* Begin PBXResourcesBuildPhase section */
		01CC0FF6222510FE0056F533 /* Resources */ = {
			isa = PBXResourcesBuildPhase;
			buildActionMask = 2147483647;
			files = (
				01CC1006222510FF0056F533 /* LaunchScreen.storyboard in Resources */,
				01CC1003222510FF0056F533 /* Assets.xcassets in Resources */,
				01CC1001222510FE0056F533 /* Main.storyboard in Resources */,
			);
			runOnlyForDeploymentPostprocessing = 0;
		};
		01CC1008222510FF0056F533 /* Resources */ = {
			isa = PBXResourcesBuildPhase;
			buildActionMask = 2147483647;
			files = (
				01CC1013222511000056F533 /* Assets.xcassets in Resources */,
				01CC1011222510FF0056F533 /* Interface.storyboard in Resources */,
			);
			runOnlyForDeploymentPostprocessing = 0;
		};
		01CC1017222511000056F533 /* Resources */ = {
			isa = PBXResourcesBuildPhase;
			buildActionMask = 2147483647;
			files = (
				01CC1023222511010056F533 /* Assets.xcassets in Resources */,
			);
			runOnlyForDeploymentPostprocessing = 0;
		};
/* End PBXResourcesBuildPhase section */

/* Begin PBXSourcesBuildPhase section */
		01CC0FF4222510FE0056F533 /* Sources */ = {
			isa = PBXSourcesBuildPhase;
			buildActionMask = 2147483647;
			files = (
				01CC0FFE222510FE0056F533 /* ViewController.swift in Sources */,
				01CC0FFC222510FE0056F533 /* AppDelegate.swift in Sources */,
			);
			runOnlyForDeploymentPostprocessing = 0;
		};
		01CC1015222511000056F533 /* Sources */ = {
			isa = PBXSourcesBuildPhase;
			buildActionMask = 2147483647;
			files = (
				01CC10332225137F0056F533 /* NoteSelectRow.swift in Sources */,
				01CC1021222511000056F533 /* ExtensionDelegate.swift in Sources */,
				01CC101F222511000056F533 /* InterfaceController.swift in Sources */,
			);
			runOnlyForDeploymentPostprocessing = 0;
		};
/* End PBXSourcesBuildPhase section */

/* Begin PBXTargetDependency section */
		01CC100D222510FF0056F533 /* PBXTargetDependency */ = {
			isa = PBXTargetDependency;
			target = 01CC1009222510FF0056F533 /* Project1 WatchKit App */;
			targetProxy = 01CC100C222510FF0056F533 /* PBXContainerItemProxy */;
		};
		01CC101C222511000056F533 /* PBXTargetDependency */ = {
			isa = PBXTargetDependency;
			target = 01CC1018222511000056F533 /* Project1 WatchKit Extension */;
			targetProxy = 01CC101B222511000056F533 /* PBXContainerItemProxy */;
		};
/* End PBXTargetDependency section */

/* Begin PBXVariantGroup section */
		01CC0FFF222510FE0056F533 /* Main.storyboard */ = {
			isa = PBXVariantGroup;
			children = (
				01CC1000222510FE0056F533 /* Base */,
			);
			name = Main.storyboard;
			sourceTree = "<group>";
		};
		01CC1004222510FF0056F533 /* LaunchScreen.storyboard */ = {
			isa = PBXVariantGroup;
			children = (
				01CC1005222510FF0056F533 /* Base */,
			);
			name = LaunchScreen.storyboard;
			sourceTree = "<group>";
		};
		01CC100F222510FF0056F533 /* Interface.storyboard */ = {
			isa = PBXVariantGroup;
			children = (
				01CC1010222510FF0056F533 /* Base */,
			);
			name = Interface.storyboard;
			sourceTree = "<group>";
		};
/* End PBXVariantGroup section */

/* Begin XCBuildConfiguration section */
		01CC1025222511010056F533 /* Debug */ = {
			isa = XCBuildConfiguration;
			buildSettings = {
				ALWAYS_SEARCH_USER_PATHS = NO;
				CLANG_ANALYZER_NONNULL = YES;
				CLANG_ANALYZER_NUMBER_OBJECT_CONVERSION = YES_AGGRESSIVE;
				CLANG_CXX_LANGUAGE_STANDARD = "gnu++14";
				CLANG_CXX_LIBRARY = "libc++";
				CLANG_ENABLE_MODULES = YES;
				CLANG_ENABLE_OBJC_ARC = YES;
				CLANG_ENABLE_OBJC_WEAK = YES;
				CLANG_WARN_BLOCK_CAPTURE_AUTORELEASING = YES;
				CLANG_WARN_BOOL_CONVERSION = YES;
				CLANG_WARN_COMMA = YES;
				CLANG_WARN_CONSTANT_CONVERSION = YES;
				CLANG_WARN_DEPRECATED_OBJC_IMPLEMENTATIONS = YES;
				CLANG_WARN_DIRECT_OBJC_ISA_USAGE = YES_ERROR;
				CLANG_WARN_DOCUMENTATION_COMMENTS = YES;
				CLANG_WARN_EMPTY_BODY = YES;
				CLANG_WARN_ENUM_CONVERSION = YES;
				CLANG_WARN_INFINITE_RECURSION = YES;
				CLANG_WARN_INT_CONVERSION = YES;
				CLANG_WARN_NON_LITERAL_NULL_CONVERSION = YES;
				CLANG_WARN_OBJC_IMPLICIT_RETAIN_SELF = YES;
				CLANG_WARN_OBJC_LITERAL_CONVERSION = YES;
				CLANG_WARN_OBJC_ROOT_CLASS = YES_ERROR;
				CLANG_WARN_RANGE_LOOP_ANALYSIS = YES;
				CLANG_WARN_STRICT_PROTOTYPES = YES;
				CLANG_WARN_SUSPICIOUS_MOVE = YES;
				CLANG_WARN_UNGUARDED_AVAILABILITY = YES_AGGRESSIVE;
				CLANG_WARN_UNREACHABLE_CODE = YES;
				CLANG_WARN__DUPLICATE_METHOD_MATCH = YES;
				CODE_SIGN_IDENTITY = "iPhone Developer";
				COPY_PHASE_STRIP = NO;
				DEBUG_INFORMATION_FORMAT = dwarf;
				ENABLE_STRICT_OBJC_MSGSEND = YES;
				ENABLE_TESTABILITY = YES;
				GCC_C_LANGUAGE_STANDARD = gnu11;
				GCC_DYNAMIC_NO_PIC = NO;
				GCC_NO_COMMON_BLOCKS = YES;
				GCC_OPTIMIZATION_LEVEL = 0;
				GCC_PREPROCESSOR_DEFINITIONS = (
					"DEBUG=1",
					"$(inherited)",
				);
				GCC_WARN_64_TO_32_BIT_CONVERSION = YES;
				GCC_WARN_ABOUT_RETURN_TYPE = YES_ERROR;
				GCC_WARN_UNDECLARED_SELECTOR = YES;
				GCC_WARN_UNINITIALIZED_AUTOS = YES_AGGRESSIVE;
				GCC_WARN_UNUSED_FUNCTION = YES;
				GCC_WARN_UNUSED_VARIABLE = YES;
				IPHONEOS_DEPLOYMENT_TARGET = 12.1;
				MTL_ENABLE_DEBUG_INFO = INCLUDE_SOURCE;
				MTL_FAST_MATH = YES;
				ONLY_ACTIVE_ARCH = YES;
				SDKROOT = iphoneos;
				SWIFT_ACTIVE_COMPILATION_CONDITIONS = DEBUG;
				SWIFT_OPTIMIZATION_LEVEL = "-Onone";
			};
			name = Debug;
		};
		01CC1026222511010056F533 /* Release */ = {
			isa = XCBuildConfiguration;
			buildSettings = {
				ALWAYS_SEARCH_USER_PATHS = NO;
				CLANG_ANALYZER_NONNULL = YES;
				CLANG_ANALYZER_NUMBER_OBJECT_CONVERSION = YES_AGGRESSIVE;
				CLANG_CXX_LANGUAGE_STANDARD = "gnu++14";
				CLANG_CXX_LIBRARY = "libc++";
				CLANG_ENABLE_MODULES = YES;
				CLANG_ENABLE_OBJC_ARC = YES;
				CLANG_ENABLE_OBJC_WEAK = YES;
				CLANG_WARN_BLOCK_CAPTURE_AUTORELEASING = YES;
				CLANG_WARN_BOOL_CONVERSION = YES;
				CLANG_WARN_COMMA = YES;
				CLANG_WARN_CONSTANT_CONVERSION = YES;
				CLANG_WARN_DEPRECATED_OBJC_IMPLEMENTATIONS = YES;
				CLANG_WARN_DIRECT_OBJC_ISA_USAGE = YES_ERROR;
				CLANG_WARN_DOCUMENTATION_COMMENTS = YES;
				CLANG_WARN_EMPTY_BODY = YES;
				CLANG_WARN_ENUM_CONVERSION = YES;
				CLANG_WARN_INFINITE_RECURSION = YES;
				CLANG_WARN_INT_CONVERSION = YES;
				CLANG_WARN_NON_LITERAL_NULL_CONVERSION = YES;
				CLANG_WARN_OBJC_IMPLICIT_RETAIN_SELF = YES;
				CLANG_WARN_OBJC_LITERAL_CONVERSION = YES;
				CLANG_WARN_OBJC_ROOT_CLASS = YES_ERROR;
				CLANG_WARN_RANGE_LOOP_ANALYSIS = YES;
				CLANG_WARN_STRICT_PROTOTYPES = YES;
				CLANG_WARN_SUSPICIOUS_MOVE = YES;
				CLANG_WARN_UNGUARDED_AVAILABILITY = YES_AGGRESSIVE;
				CLANG_WARN_UNREACHABLE_CODE = YES;
				CLANG_WARN__DUPLICATE_METHOD_MATCH = YES;
				CODE_SIGN_IDENTITY = "iPhone Developer";
				COPY_PHASE_STRIP = NO;
				DEBUG_INFORMATION_FORMAT = "dwarf-with-dsym";
				ENABLE_NS_ASSERTIONS = NO;
				ENABLE_STRICT_OBJC_MSGSEND = YES;
				GCC_C_LANGUAGE_STANDARD = gnu11;
				GCC_NO_COMMON_BLOCKS = YES;
				GCC_WARN_64_TO_32_BIT_CONVERSION = YES;
				GCC_WARN_ABOUT_RETURN_TYPE = YES_ERROR;
				GCC_WARN_UNDECLARED_SELECTOR = YES;
				GCC_WARN_UNINITIALIZED_AUTOS = YES_AGGRESSIVE;
				GCC_WARN_UNUSED_FUNCTION = YES;
				GCC_WARN_UNUSED_VARIABLE = YES;
				IPHONEOS_DEPLOYMENT_TARGET = 12.1;
				MTL_ENABLE_DEBUG_INFO = NO;
				MTL_FAST_MATH = YES;
				SDKROOT = iphoneos;
				SWIFT_COMPILATION_MODE = wholemodule;
				SWIFT_OPTIMIZATION_LEVEL = "-O";
				VALIDATE_PRODUCT = YES;
			};
			name = Release;
		};
		01CC1028222511010056F533 /* Debug */ = {
			isa = XCBuildConfiguration;
			buildSettings = {
				ASSETCATALOG_COMPILER_COMPLICATION_NAME = Complication;
				CODE_SIGN_STYLE = Automatic;
				DEVELOPMENT_TEAM = R986STKYJ7;
				INFOPLIST_FILE = "Project1 WatchKit Extension/Info.plist";
				LD_RUNPATH_SEARCH_PATHS = (
					"$(inherited)",
					"@executable_path/Frameworks",
					"@executable_path/../../Frameworks",
				);
				PRODUCT_BUNDLE_IDENTIFIER = com.ByCyril.Project1.watchkitapp.watchkitextension;
				PRODUCT_NAME = "${TARGET_NAME}";
				SDKROOT = watchos;
				SKIP_INSTALL = YES;
				SWIFT_VERSION = 4.2;
				TARGETED_DEVICE_FAMILY = 4;
				WATCHOS_DEPLOYMENT_TARGET = 5.1;
			};
			name = Debug;
		};
		01CC1029222511010056F533 /* Release */ = {
			isa = XCBuildConfiguration;
			buildSettings = {
				ASSETCATALOG_COMPILER_COMPLICATION_NAME = Complication;
				CODE_SIGN_STYLE = Automatic;
				DEVELOPMENT_TEAM = R986STKYJ7;
				INFOPLIST_FILE = "Project1 WatchKit Extension/Info.plist";
				LD_RUNPATH_SEARCH_PATHS = (
					"$(inherited)",
					"@executable_path/Frameworks",
					"@executable_path/../../Frameworks",
				);
				PRODUCT_BUNDLE_IDENTIFIER = com.ByCyril.Project1.watchkitapp.watchkitextension;
				PRODUCT_NAME = "${TARGET_NAME}";
				SDKROOT = watchos;
				SKIP_INSTALL = YES;
				SWIFT_VERSION = 4.2;
				TARGETED_DEVICE_FAMILY = 4;
				WATCHOS_DEPLOYMENT_TARGET = 5.1;
			};
			name = Release;
		};
		01CC102C222511010056F533 /* Debug */ = {
			isa = XCBuildConfiguration;
			buildSettings = {
				ALWAYS_EMBED_SWIFT_STANDARD_LIBRARIES = YES;
				ASSETCATALOG_COMPILER_APPICON_NAME = AppIcon;
				CODE_SIGN_STYLE = Automatic;
				DEVELOPMENT_TEAM = R986STKYJ7;
				IBSC_MODULE = Project1_WatchKit_Extension;
				INFOPLIST_FILE = "Project1 WatchKit App/Info.plist";
				PRODUCT_BUNDLE_IDENTIFIER = com.ByCyril.Project1.watchkitapp;
				PRODUCT_NAME = "$(TARGET_NAME)";
				SDKROOT = watchos;
				SKIP_INSTALL = YES;
				SWIFT_VERSION = 4.2;
				TARGETED_DEVICE_FAMILY = 4;
				WATCHOS_DEPLOYMENT_TARGET = 5.1;
			};
			name = Debug;
		};
		01CC102D222511010056F533 /* Release */ = {
			isa = XCBuildConfiguration;
			buildSettings = {
				ALWAYS_EMBED_SWIFT_STANDARD_LIBRARIES = YES;
				ASSETCATALOG_COMPILER_APPICON_NAME = AppIcon;
				CODE_SIGN_STYLE = Automatic;
				DEVELOPMENT_TEAM = R986STKYJ7;
				IBSC_MODULE = Project1_WatchKit_Extension;
				INFOPLIST_FILE = "Project1 WatchKit App/Info.plist";
				PRODUCT_BUNDLE_IDENTIFIER = com.ByCyril.Project1.watchkitapp;
				PRODUCT_NAME = "$(TARGET_NAME)";
				SDKROOT = watchos;
				SKIP_INSTALL = YES;
				SWIFT_VERSION = 4.2;
				TARGETED_DEVICE_FAMILY = 4;
				WATCHOS_DEPLOYMENT_TARGET = 5.1;
			};
			name = Release;
		};
		01CC1030222511010056F533 /* Debug */ = {
			isa = XCBuildConfiguration;
			buildSettings = {
				ASSETCATALOG_COMPILER_APPICON_NAME = AppIcon;
				CODE_SIGN_STYLE = Automatic;
				DEVELOPMENT_TEAM = R986STKYJ7;
				INFOPLIST_FILE = Project1/Info.plist;
				LD_RUNPATH_SEARCH_PATHS = (
					"$(inherited)",
					"@executable_path/Frameworks",
				);
				PRODUCT_BUNDLE_IDENTIFIER = com.ByCyril.Project1;
				PRODUCT_NAME = "$(TARGET_NAME)";
				SWIFT_VERSION = 4.2;
				TARGETED_DEVICE_FAMILY = "1,2";
			};
			name = Debug;
		};
		01CC1031222511010056F533 /* Release */ = {
			isa = XCBuildConfiguration;
			buildSettings = {
				ASSETCATALOG_COMPILER_APPICON_NAME = AppIcon;
				CODE_SIGN_STYLE = Automatic;
				DEVELOPMENT_TEAM = R986STKYJ7;
				INFOPLIST_FILE = Project1/Info.plist;
				LD_RUNPATH_SEARCH_PATHS = (
					"$(inherited)",
					"@executable_path/Frameworks",
				);
				PRODUCT_BUNDLE_IDENTIFIER = com.ByCyril.Project1;
				PRODUCT_NAME = "$(TARGET_NAME)";
				SWIFT_VERSION = 4.2;
				TARGETED_DEVICE_FAMILY = "1,2";
			};
			name = Release;
		};
/* End XCBuildConfiguration section */

/* Begin XCConfigurationList section */
		01CC0FF3222510FE0056F533 /* Build configuration list for PBXProject "Project1" */ = {
			isa = XCConfigurationList;
			buildConfigurations = (
				01CC1025222511010056F533 /* Debug */,
				01CC1026222511010056F533 /* Release */,
			);
			defaultConfigurationIsVisible = 0;
			defaultConfigurationName = Release;
		};
		01CC1027222511010056F533 /* Build configuration list for PBXNativeTarget "Project1 WatchKit Extension" */ = {
			isa = XCConfigurationList;
			buildConfigurations = (
				01CC1028222511010056F533 /* Debug */,
				01CC1029222511010056F533 /* Release */,
			);
			defaultConfigurationIsVisible = 0;
			defaultConfigurationName = Release;
		};
		01CC102B222511010056F533 /* Build configuration list for PBXNativeTarget "Project1 WatchKit App" */ = {
			isa = XCConfigurationList;
			buildConfigurations = (
				01CC102C222511010056F533 /* Debug */,
				01CC102D222511010056F533 /* Release */,
			);
			defaultConfigurationIsVisible = 0;
			defaultConfigurationName = Release;
		};
		01CC102F222511010056F533 /* Build configuration list for PBXNativeTarget "Project1" */ = {
			isa = XCConfigurationList;
			buildConfigurations = (
				01CC1030222511010056F533 /* Debug */,
				01CC1031222511010056F533 /* Release */,
			);
			defaultConfigurationIsVisible = 0;
			defaultConfigurationName = Release;
		};
/* End XCConfigurationList section */
	};
	rootObject = 01CC0FF0222510FE0056F533 /* Project object */;
}
